schema: '2.0'
stages:
  make_dataset:
    cmd: python ./src/data/make_dataset.py /data/raw/final_features.csv
    deps:
    - path: ./data/raw/final_features.csv
      hash: md5
      md5: a909c7dd75a21187d0399fb32a710ef5
      size: 5733719
    - path: ./src/data/make_dataset.py
      hash: md5
      md5: 44c1764e756d22de5c29fa6ce2393b84
      size: 2810
    params:
      params.yaml:
        make_dataset.seed: 22
        make_dataset.test_split: 0.2
    outs:
    - path: ./data/processed/
      hash: md5
      md5: 966edb4cb99e52dd8fc7c7dae028524b.dir
      size: 328680
      nfiles: 6
  train_model:
    cmd: python ./src/models/train_model.py /data/interim
    deps:
    - path: ./data/interim
      hash: md5
      md5: f3a91eed9e06fb899f03e3757ee24e01.dir
      size: 351984
      nfiles: 3
    - path: ./src/models/train_model.py
      hash: md5
      md5: f6852a1bc1684d05efb1e75a3d214415
      size: 2703
    params:
      params.yaml:
        train_model.cv: 5
        train_model.params_grid_pipe:
          svm__C:
          - 5
          svm__kernel:
          - poly
          - linear
          - rbf
    outs:
    - path: ./models/
      hash: md5
      md5: a115f022256072768218a39c590902ed.dir
      size: 92154
      nfiles: 1
