schema: '2.0'
stages:
  make_dataset:
    cmd: python ./src/data/make_dataset.py /data/raw/final_features.csv
    deps:
    - path: ./data/raw/final_features.csv
      hash: md5
      md5: a909c7dd75a21187d0399fb32a710ef5
      size: 5733719
    - path: ./src/data/make_dataset.py
      hash: md5
      md5: 44c1764e756d22de5c29fa6ce2393b84
      size: 2810
    params:
      params.yaml:
        make_dataset.seed: 42
        make_dataset.test_split: 0.2
    outs:
    - path: ./data/processed/
      hash: md5
      md5: c6e77819dff506ad70f9e8e6c8f7455c.dir
      size: 328680
      nfiles: 6
  build_features:
    cmd: python ./src/features/build_features.py /data/processed
    deps:
    - path: ./data/processed
      hash: md5
      md5: c6e77819dff506ad70f9e8e6c8f7455c.dir
      size: 328680
      nfiles: 6
    - path: ./src/features/build_features.py
      hash: md5
      md5: bdc30afd4d352091ec108b205f5ffdbd
      size: 1254
    outs:
    - path: ./data/interim
      hash: md5
      md5: ec41a8a022a66a727edf90b47b27e05e.dir
      size: 351984
      nfiles: 2
  train_model:
    cmd: python ./src/models/train_model.py /data/interim
    deps:
    - path: ./data/interim
      hash: md5
      md5: ec41a8a022a66a727edf90b47b27e05e.dir
      size: 351984
      nfiles: 2
    - path: ./src/models/train_model.py
      hash: md5
      md5: f6852a1bc1684d05efb1e75a3d214415
      size: 2703
    params:
      params.yaml:
        train_model.cv: 5
        train_model.params_grid_pipe:
          svm__C:
          - 10
          - 1
          - 5
          svm__kernel:
          - poly
          - linear
          - rbf
    outs:
    - path: ./models/
      hash: md5
      md5: 0c7aacfb4601e6f29e1c5708be4df9a1.dir
      size: 86522
      nfiles: 1
